[root]
name = "sandbox"
version = "0.1.0"
dependencies = [
 "concurrent-hashmap 0.2.2 (registry+https://github.com/rust-lang/crates.io-index)",
]

[[package]]
name = "concurrent-hashmap"
version = "0.2.2"
source = "registry+https://github.com/rust-lang/crates.io-index"
dependencies = [
 "spin 0.4.5 (registry+https://github.com/rust-lang/crates.io-index)",
]

[[package]]
name = "spin"
version = "0.4.5"
source = "registry+https://github.com/rust-lang/crates.io-index"

[metadata]
"checksum concurrent-hashmap 0.2.2 (registry+https://github.com/rust-lang/crates.io-index)" = "9b497d3441e4e31ef52273f344aacf0a24d28a353837451a45df9b3e9cf7d44a"
"checksum spin 0.4.5 (registry+https://github.com/rust-lang/crates.io-index)" = "1d16a26e2b789f86aabddbe91cb82ee2e822beb8a59840d631941b625ef77e53"
